Microsoft Visual Studio Solution File, Format Version 8.00
Project("{8BC9CEB8-8B4A-11D0-8D11-00A0C91BC942}") = "proc_enum", "proc_enum.vcproj", "{9A6C800F-DE42-48DF-8F59-393D79D76935}"
	ProjectSection(ProjectDependencies) = postProject
	EndProjectSection
EndProject
Global
	GlobalSection(SolutionConfiguration) = preSolution
		Debug = Debug
		Release = Release
	EndGlobalSection
	GlobalSection(ProjectConfiguration) = postSolution
		{9A6C800F-DE42-48DF-8F59-393D79D76935}.Debug.ActiveCfg = Debug|Win32
		{9A6C800F-DE42-48DF-8F59-393D79D76935}.Debug.Build.0 = Debug|Win32
		{9A6C800F-DE42-48DF-8F59-393D79D76935}.Release.ActiveCfg = Release|Win32
		{9A6C800F-DE42-48DF-8F59-393D79D76935}.Release.Build.0 = Release|Win32
	EndGlobalSection
	GlobalSection(ExtensibilityGlobals) = postSolution
	EndGlobalSection
	GlobalSection(ExtensibilityAddIns) = postSolution
	EndGlobalSection
EndGlobal
